// !$*UTF8*$!
{
	archiveVersion = 1;
	classes = {
	};
	objectVersion = 46;
	objects = {

/* Begin PBXBuildFile section */
		E5B8C0621423555F003689B2 /* UIKit.framework in Frameworks */ = {isa = PBXBuildFile; fileRef = E5B8C0611423555F003689B2 /* UIKit.framework */; };
		E5B8C0641423555F003689B2 /* Foundation.framework in Frameworks */ = {isa = PBXBuildFile; fileRef = E5B8C0631423555F003689B2 /* Foundation.framework */; };
		E5B8C0661423555F003689B2 /* CoreGraphics.framework in Frameworks */ = {isa = PBXBuildFile; fileRef = E5B8C0651423555F003689B2 /* CoreGraphics.framework */; };
		E5B8C06C1423555F003689B2 /* InfoPlist.strings in Resources */ = {isa = PBXBuildFile; fileRef = E5B8C06A1423555F003689B2 /* InfoPlist.strings */; };
		E5B8C06E1423555F003689B2 /* main.m in Sources */ = {isa = PBXBuildFile; fileRef = E5B8C06D1423555F003689B2 /* main.m */; };
		E5B8C0721423555F003689B2 /* FNSplitString_exampleAppDelegate.m in Sources */ = {isa = PBXBuildFile; fileRef = E5B8C0711423555F003689B2 /* FNSplitString_exampleAppDelegate.m */; };
		E5B8C0751423555F003689B2 /* MainWindow.xib in Resources */ = {isa = PBXBuildFile; fileRef = E5B8C0731423555F003689B2 /* MainWindow.xib */; };
		E5B8C0781423555F003689B2 /* FNSplitString_exampleViewController.m in Sources */ = {isa = PBXBuildFile; fileRef = E5B8C0771423555F003689B2 /* FNSplitString_exampleViewController.m */; };
		E5B8C07B1423555F003689B2 /* FNSplitString_exampleViewController.xib in Resources */ = {isa = PBXBuildFile; fileRef = E5B8C0791423555F003689B2 /* FNSplitString_exampleViewController.xib */; };
		E5B8C08414235608003689B2 /* libFNSplitString.a in Frameworks */ = {isa = PBXBuildFile; fileRef = E5B8C08314235608003689B2 /* libFNSplitString.a */; };
/* End PBXBuildFile section */

/* Begin PBXFileReference section */
		E5B8C05D1423555F003689B2 /* FNSplitString_example.app */ = {isa = PBXFileReference; explicitFileType = wrapper.application; includeInIndex = 0; path = FNSplitString_example.app; sourceTree = BUILT_PRODUCTS_DIR; };
		E5B8C0611423555F003689B2 /* UIKit.framework */ = {isa = PBXFileReference; lastKnownFileType = wrapper.framework; name = UIKit.framework; path = System/Library/Frameworks/UIKit.framework; sourceTree = SDKROOT; };
		E5B8C0631423555F003689B2 /* Foundation.framework */ = {isa = PBXFileReference; lastKnownFileType = wrapper.framework; name = Foundation.framework; path = System/Library/Frameworks/Foundation.framework; sourceTree = SDKROOT; };
		E5B8C0651423555F003689B2 /* CoreGraphics.framework */ = {isa = PBXFileReference; lastKnownFileType = wrapper.framework; name = CoreGraphics.framework; path = System/Library/Frameworks/CoreGraphics.framework; sourceTree = SDKROOT; };
		E5B8C0691423555F003689B2 /* FNSplitString_example-Info.plist */ = {isa = PBXFileReference; lastKnownFileType = text.plist.xml; path = "FNSplitString_example-Info.plist"; sourceTree = "<group>"; };
		E5B8C06B1423555F003689B2 /* en */ = {isa = PBXFileReference; lastKnownFileType = text.plist.strings; name = en; path = en.lproj/InfoPlist.strings; sourceTree = "<group>"; };
		E5B8C06D1423555F003689B2 /* main.m */ = {isa = PBXFileReference; lastKnownFileType = sourcecode.c.objc; path = main.m; sourceTree = "<group>"; };
		E5B8C06F1423555F003689B2 /* FNSplitString_example-Prefix.pch */ = {isa = PBXFileReference; lastKnownFileType = sourcecode.c.h; path = "FNSplitString_example-Prefix.pch"; sourceTree = "<group>"; };
		E5B8C0701423555F003689B2 /* FNSplitString_exampleAppDelegate.h */ = {isa = PBXFileReference; lastKnownFileType = sourcecode.c.h; path = FNSplitString_exampleAppDelegate.h; sourceTree = "<group>"; };
		E5B8C0711423555F003689B2 /* FNSplitString_exampleAppDelegate.m */ = {isa = PBXFileReference; lastKnownFileType = sourcecode.c.objc; path = FNSplitString_exampleAppDelegate.m; sourceTree = "<group>"; };
		E5B8C0741423555F003689B2 /* en */ = {isa = PBXFileReference; lastKnownFileType = file.xib; name = en; path = en.lproj/MainWindow.xib; sourceTree = "<group>"; };
		E5B8C0761423555F003689B2 /* FNSplitString_exampleViewController.h */ = {isa = PBXFileReference; lastKnownFileType = sourcecode.c.h; path = FNSplitString_exampleViewController.h; sourceTree = "<group>"; };
		E5B8C0771423555F003689B2 /* FNSplitString_exampleViewController.m */ = {isa = PBXFileReference; lastKnownFileType = sourcecode.c.objc; path = FNSplitString_exampleViewController.m; sourceTree = "<group>"; };
		E5B8C07A1423555F003689B2 /* en */ = {isa = PBXFileReference; lastKnownFileType = file.xib; name = en; path = en.lproj/FNSplitString_exampleViewController.xib; sourceTree = "<group>"; };
		E5B8C08214235608003689B2 /* FNSplitString.h */ = {isa = PBXFileReference; fileEncoding = 4; lastKnownFileType = sourcecode.c.h; path = FNSplitString.h; sourceTree = "<group>"; };
		E5B8C08314235608003689B2 /* libFNSplitString.a */ = {isa = PBXFileReference; lastKnownFileType = archive.ar; path = libFNSplitString.a; sourceTree = "<group>"; };
/* End PBXFileReference section */

/* Begin PBXFrameworksBuildPhase section */
		E5B8C05A1423555F003689B2 /* Frameworks */ = {
			isa = PBXFrameworksBuildPhase;
			buildActionMask = 2147483647;
			files = (
				E5B8C0621423555F003689B2 /* UIKit.framework in Frameworks */,
				E5B8C0641423555F003689B2 /* Foundation.framework in Frameworks */,
				E5B8C0661423555F003689B2 /* CoreGraphics.framework in Frameworks */,
				E5B8C08414235608003689B2 /* libFNSplitString.a in Frameworks */,
			);
			runOnlyForDeploymentPostprocessing = 0;
		};
/* End PBXFrameworksBuildPhase section */

/* Begin PBXGroup section */
		E5B8C0521423555F003689B2 = {
			isa = PBXGroup;
			children = (
				E5B8C08114235608003689B2 /* FNSplitString */,
				E5B8C0671423555F003689B2 /* FNSplitString_example */,
				E5B8C0601423555F003689B2 /* Frameworks */,
				E5B8C05E1423555F003689B2 /* Products */,
			);
			sourceTree = "<group>";
		};
		E5B8C05E1423555F003689B2 /* Products */ = {
			isa = PBXGroup;
			children = (
				E5B8C05D1423555F003689B2 /* FNSplitString_example.app */,
			);
			name = Products;
			sourceTree = "<group>";
		};
		E5B8C0601423555F003689B2 /* Frameworks */ = {
			isa = PBXGroup;
			children = (
				E5B8C0611423555F003689B2 /* UIKit.framework */,
				E5B8C0631423555F003689B2 /* Foundation.framework */,
				E5B8C0651423555F003689B2 /* CoreGraphics.framework */,
			);
			name = Frameworks;
			sourceTree = "<group>";
		};
		E5B8C0671423555F003689B2 /* FNSplitString_example */ = {
			isa = PBXGroup;
			children = (
				E5B8C0701423555F003689B2 /* FNSplitString_exampleAppDelegate.h */,
				E5B8C0711423555F003689B2 /* FNSplitString_exampleAppDelegate.m */,
				E5B8C0731423555F003689B2 /* MainWindow.xib */,
				E5B8C0761423555F003689B2 /* FNSplitString_exampleViewController.h */,
				E5B8C0771423555F003689B2 /* FNSplitString_exampleViewController.m */,
				E5B8C0791423555F003689B2 /* FNSplitString_exampleViewController.xib */,
				E5B8C0681423555F003689B2 /* Supporting Files */,
			);
			path = FNSplitString_example;
			sourceTree = "<group>";
		};
		E5B8C0681423555F003689B2 /* Supporting Files */ = {
			isa = PBXGroup;
			children = (
				E5B8C0691423555F003689B2 /* FNSplitString_example-Info.plist */,
				E5B8C06A1423555F003689B2 /* InfoPlist.strings */,
				E5B8C06D1423555F003689B2 /* main.m */,
				E5B8C06F1423555F003689B2 /* FNSplitString_example-Prefix.pch */,
			);
			name = "Supporting Files";
			sourceTree = "<group>";
		};
		E5B8C08114235608003689B2 /* FNSplitString */ = {
			isa = PBXGroup;
			children = (
				E5B8C08214235608003689B2 /* FNSplitString.h */,
				E5B8C08314235608003689B2 /* libFNSplitString.a */,
			);
			path = FNSplitString;
			sourceTree = "<group>";
		};
/* End PBXGroup section */

/* Begin PBXNativeTarget section */
		E5B8C05C1423555F003689B2 /* FNSplitString_example */ = {
			isa = PBXNativeTarget;
			buildConfigurationList = E5B8C07E1423555F003689B2 /* Build configuration list for PBXNativeTarget "FNSplitString_example" */;
			buildPhases = (
				E5B8C0591423555F003689B2 /* Sources */,
				E5B8C05A1423555F003689B2 /* Frameworks */,
				E5B8C05B1423555F003689B2 /* Resources */,
			);
			buildRules = (
			);
			dependencies = (
			);
			name = FNSplitString_example;
			productName = FNSplitString_example;
			productReference = E5B8C05D1423555F003689B2 /* FNSplitString_example.app */;
			productType = "com.apple.product-type.application";
		};
/* End PBXNativeTarget section */

/* Begin PBXProject section */
		E5B8C0541423555F003689B2 /* Project object */ = {
			isa = PBXProject;
			buildConfigurationList = E5B8C0571423555F003689B2 /* Build configuration list for PBXProject "FNSplitString_example" */;
			compatibilityVersion = "Xcode 3.2";
			developmentRegion = English;
			hasScannedForEncodings = 0;
			knownRegions = (
				en,
			);
			mainGroup = E5B8C0521423555F003689B2;
			productRefGroup = E5B8C05E1423555F003689B2 /* Products */;
			projectDirPath = "";
			projectRoot = "";
			targets = (
				E5B8C05C1423555F003689B2 /* FNSplitString_example */,
			);
		};
/* End PBXProject section */

/* Begin PBXResourcesBuildPhase section */
		E5B8C05B1423555F003689B2 /* Resources */ = {
			isa = PBXResourcesBuildPhase;
			buildActionMask = 2147483647;
			files = (
				E5B8C06C1423555F003689B2 /* InfoPlist.strings in Resources */,
				E5B8C0751423555F003689B2 /* MainWindow.xib in Resources */,
				E5B8C07B1423555F003689B2 /* FNSplitString_exampleViewController.xib in Resources */,
			);
			runOnlyForDeploymentPostprocessing = 0;
		};
/* End PBXResourcesBuildPhase section */

/* Begin PBXSourcesBuildPhase section */
		E5B8C0591423555F003689B2 /* Sources */ = {
			isa = PBXSourcesBuildPhase;
			buildActionMask = 2147483647;
			files = (
				E5B8C06E1423555F003689B2 /* main.m in Sources */,
				E5B8C0721423555F003689B2 /* FNSplitString_exampleAppDelegate.m in Sources */,
				E5B8C0781423555F003689B2 /* FNSplitString_exampleViewController.m in Sources */,
			);
			runOnlyForDeploymentPostprocessing = 0;
		};
/* End PBXSourcesBuildPhase section */

/* Begin PBXVariantGroup section */
		E5B8C06A1423555F003689B2 /* InfoPlist.strings */ = {
			isa = PBXVariantGroup;
			children = (
				E5B8C06B1423555F003689B2 /* en */,
			);
			name = InfoPlist.strings;
			sourceTree = "<group>";
		};
		E5B8C0731423555F003689B2 /* MainWindow.xib */ = {
			isa = PBXVariantGroup;
			children = (
				E5B8C0741423555F003689B2 /* en */,
			);
			name = MainWindow.xib;
			sourceTree = "<group>";
		};
		E5B8C0791423555F003689B2 /* FNSplitString_exampleViewController.xib */ = {
			isa = PBXVariantGroup;
			children = (
				E5B8C07A1423555F003689B2 /* en */,
			);
			name = FNSplitString_exampleViewController.xib;
			sourceTree = "<group>";
		};
/* End PBXVariantGroup section */

/* Begin XCBuildConfiguration section */
		E5B8C07C1423555F003689B2 /* Debug */ = {
			isa = XCBuildConfiguration;
			buildSettings = {
				ALWAYS_SEARCH_USER_PATHS = NO;
				ARCHS = "$(ARCHS_STANDARD_32_BIT)";
				"CODE_SIGN_IDENTITY[sdk=iphoneos*]" = "iPhone Developer";
				COPY_PHASE_STRIP = NO;
				GCC_C_LANGUAGE_STANDARD = gnu99;
				GCC_DYNAMIC_NO_PIC = NO;
				GCC_OPTIMIZATION_LEVEL = 0;
				GCC_PREPROCESSOR_DEFINITIONS = (
					"DEBUG=1",
					"$(inherited)",
				);
				GCC_SYMBOLS_PRIVATE_EXTERN = NO;
				GCC_VERSION = com.apple.compilers.llvmgcc42;
				GCC_WARN_ABOUT_MISSING_PROTOTYPES = YES;
				GCC_WARN_ABOUT_RETURN_TYPE = YES;
				GCC_WARN_UNUSED_VARIABLE = YES;
				IPHONEOS_DEPLOYMENT_TARGET = 4.3;
				SDKROOT = iphoneos;
			};
			name = Debug;
		};
		E5B8C07D1423555F003689B2 /* Release */ = {
			isa = XCBuildConfiguration;
			buildSettings = {
				ALWAYS_SEARCH_USER_PATHS = NO;
				ARCHS = "$(ARCHS_STANDARD_32_BIT)";
				"CODE_SIGN_IDENTITY[sdk=iphoneos*]" = "iPhone Developer";
				COPY_PHASE_STRIP = YES;
				GCC_C_LANGUAGE_STANDARD = gnu99;
				GCC_VERSION = com.apple.compilers.llvmgcc42;
				GCC_WARN_ABOUT_MISSING_PROTOTYPES = YES;
				GCC_WARN_ABOUT_RETURN_TYPE = YES;
				GCC_WARN_UNUSED_VARIABLE = YES;
				IPHONEOS_DEPLOYMENT_TARGET = 4.3;
				OTHER_CFLAGS = "-DNS_BLOCK_ASSERTIONS=1";
				SDKROOT = iphoneos;
				VALIDATE_PRODUCT = YES;
			};
			name = Release;
		};
		E5B8C07F1423555F003689B2 /* Debug */ = {
			isa = XCBuildConfiguration;
			buildSettings = {
				GCC_PRECOMPILE_PREFIX_HEADER = YES;
				GCC_PREFIX_HEADER = "FNSplitString_example/FNSplitString_example-Prefix.pch";
				INFOPLIST_FILE = "FNSplitString_example/FNSplitString_example-Info.plist";
				LIBRARY_SEARCH_PATHS = (
					"$(inherited)",
					"\"$(SRCROOT)/FNSplitString\"",
				);
				PRODUCT_NAME = "$(TARGET_NAME)";
				WRAPPER_EXTENSION = app;
			};
			name = Debug;
		};
		E5B8C0801423555F003689B2 /* Release */ = {
			isa = XCBuildConfiguration;
			buildSettings = {
				GCC_PRECOMPILE_PREFIX_HEADER = YES;
				GCC_PREFIX_HEADER = "FNSplitString_example/FNSplitString_example-Prefix.pch";
				INFOPLIST_FILE = "FNSplitString_example/FNSplitString_example-Info.plist";
				LIBRARY_SEARCH_PATHS = (
					"$(inherited)",
					"\"$(SRCROOT)/FNSplitString\"",
				);
				PRODUCT_NAME = "$(TARGET_NAME)";
				WRAPPER_EXTENSION = app;
			};
			name = Release;
		};
/* End XCBuildConfiguration section */

/* Begin XCConfigurationList section */
		E5B8C0571423555F003689B2 /* Build configuration list for PBXProject "FNSplitString_example" */ = {
			isa = XCConfigurationList;
			buildConfigurations = (
				E5B8C07C1423555F003689B2 /* Debug */,
				E5B8C07D1423555F003689B2 /* Release */,
			);
			defaultConfigurationIsVisible = 0;
			defaultConfigurationName = Release;
		};
		E5B8C07E1423555F003689B2 /* Build configuration list for PBXNativeTarget "FNSplitString_example" */ = {
			isa = XCConfigurationList;
			buildConfigurations = (
				E5B8C07F1423555F003689B2 /* Debug */,
				E5B8C0801423555F003689B2 /* Release */,
			);
			defaultConfigurationIsVisible = 0;
		};
/* End XCConfigurationList section */
	};
	rootObject = E5B8C0541423555F003689B2 /* Project object */;
}
